{
  "name": "allowance-questboard",
  "lockfileVersion": 3,
  "requires": true,
  "packages": {
    "": {
      "dependencies": {
        "zod": "^4.0.16"
      }
    },
    "node_modules/zod": {
      "version": "4.0.16",
      "resolved": "https://registry.npmjs.org/zod/-/zod-4.0.16.tgz",
      "integrity": "sha512-Djo/cM339grjI7/HmN+ixYO2FzEMcWr/On50UlQ/RjrWK1I/hPpWhpC76heCptnRFpH0LMwrEbUY50HDc0V8wg==",
      "license": "MIT",
      "funding": {
        "url": "https://github.com/sponsors/colinhacks"
      }
    }
  }
}
